PODS:
  - MGJPFIntroGuideView (1.0.2):
    - MGJRouter
  - MGJRouter (0.9.1)

DEPENDENCIES:
  - MGJPFIntroGuideView (from `../`)

EXTERNAL SOURCES:
  MGJPFIntroGuideView:
    :path: ../

SPEC CHECKSUMS:
  MGJPFIntroGuideView: f52d1989a061ec50790cfd5c84043f21b39d4594
  MGJRouter: 73b7d7f9329186d670068888e56e095084208b4c

PODFILE CHECKSUM: c8632408375bc25a25704be6c977ea78a9d17341

COCOAPODS: 1.1.0.rc.1
