PODS:
  - MGJPFIntroGuideView (1.0.2):
    - MGJRouter
  - MGJRouter (0.9.1)

DEPENDENCIES:
  - MGJPFIntroGuideView (from `../`)

EXTERNAL SOURCES:
  MGJPFIntroGuideView:
    :path: ../

SPEC CHECKSUMS:
  MGJPFIntroGuideView: 23cebade064da3c74cead092dc01e33d45ac59b0
  MGJRouter: 73b7d7f9329186d670068888e56e095084208b4c

PODFILE CHECKSUM: c8632408375bc25a25704be6c977ea78a9d17341

COCOAPODS: 1.0.0
